
Microsoft Visual Studio Solution File, Format Version 12.00
# Visual Studio Version 17
VisualStudioVersion = 17.4.33110.190
MinimumVisualStudioVersion = 10.0.40219.1
Project("{8BC9CEB8-8B4A-11D0-8D11-00A0C91BC942}") = "Project2", "Project2\Project2.vcxproj", "{705DCD95-01F5-4B78-AEDF-5AB4D2A55F91}"
EndProject
Project("{54435603-DBB4-11D2-8724-00A0C9A8B90C}") = "Setup1", "Setup1\Setup1.vdproj", "{04C233C9-406C-44E6-80A9-0C1117B32D1C}"
EndProject
Global
	GlobalSection(SolutionConfigurationPlatforms) = preSolution
		Debug|x64 = Debug|x64
		Debug|x86 = Debug|x86
		Release|x64 = Release|x64
		Release|x86 = Release|x86
	EndGlobalSection
	GlobalSection(ProjectConfigurationPlatforms) = postSolution
		{705DCD95-01F5-4B78-AEDF-5AB4D2A55F91}.Debug|x64.ActiveCfg = Debug|x64
		{705DCD95-01F5-4B78-AEDF-5AB4D2A55F91}.Debug|x64.Build.0 = Debug|x64
		{705DCD95-01F5-4B78-AEDF-5AB4D2A55F91}.Debug|x86.ActiveCfg = Debug|Win32
		{705DCD95-01F5-4B78-AEDF-5AB4D2A55F91}.Debug|x86.Build.0 = Debug|Win32
		{705DCD95-01F5-4B78-AEDF-5AB4D2A55F91}.Release|x64.ActiveCfg = Release|x64
		{705DCD95-01F5-4B78-AEDF-5AB4D2A55F91}.Release|x64.Build.0 = Release|x64
		{705DCD95-01F5-4B78-AEDF-5AB4D2A55F91}.Release|x86.ActiveCfg = Release|Win32
		{705DCD95-01F5-4B78-AEDF-5AB4D2A55F91}.Release|x86.Build.0 = Release|Win32
		{04C233C9-406C-44E6-80A9-0C1117B32D1C}.Debug|x64.ActiveCfg = Debug
		{04C233C9-406C-44E6-80A9-0C1117B32D1C}.Debug|x86.ActiveCfg = Debug
		{04C233C9-406C-44E6-80A9-0C1117B32D1C}.Release|x64.ActiveCfg = Release
		{04C233C9-406C-44E6-80A9-0C1117B32D1C}.Release|x86.ActiveCfg = Release
	EndGlobalSection
	GlobalSection(SolutionProperties) = preSolution
		HideSolutionNode = FALSE
	EndGlobalSection
	GlobalSection(ExtensibilityGlobals) = postSolution
		SolutionGuid = {AEF42D44-4E8E-4AAA-B268-AC33A8123D8C}
	EndGlobalSection
EndGlobal
